
Microsoft Visual Studio Solution File, Format Version 12.00
# Visual Studio Version 17
VisualStudioVersion = 17.4.33213.308
MinimumVisualStudioVersion = 10.0.40219.1
Project("{FAE04EC0-301F-11D3-BF4B-00C04F79EFBC}") = "ShopBridge", "ShopBridge\ShopBridge.csproj", "{A0376CFA-5EBE-47BE-A8DC-2DBC4EE61D01}"
EndProject
Project("{FAE04EC0-301F-11D3-BF4B-00C04F79EFBC}") = "ShopBridge.Dll", "ShopBridge.Dll\ShopBridge.Dll.csproj", "{0B78CE05-24F1-4F80-9195-24B75331109F}"
EndProject
Global
	GlobalSection(SolutionConfigurationPlatforms) = preSolution
		Debug|Any CPU = Debug|Any CPU
		Release|Any CPU = Release|Any CPU
	EndGlobalSection
	GlobalSection(ProjectConfigurationPlatforms) = postSolution
		{A0376CFA-5EBE-47BE-A8DC-2DBC4EE61D01}.Debug|Any CPU.ActiveCfg = Debug|Any CPU
		{A0376CFA-5EBE-47BE-A8DC-2DBC4EE61D01}.Debug|Any CPU.Build.0 = Debug|Any CPU
		{A0376CFA-5EBE-47BE-A8DC-2DBC4EE61D01}.Release|Any CPU.ActiveCfg = Release|Any CPU
		{A0376CFA-5EBE-47BE-A8DC-2DBC4EE61D01}.Release|Any CPU.Build.0 = Release|Any CPU
		{0B78CE05-24F1-4F80-9195-24B75331109F}.Debug|Any CPU.ActiveCfg = Debug|Any CPU
		{0B78CE05-24F1-4F80-9195-24B75331109F}.Debug|Any CPU.Build.0 = Debug|Any CPU
		{0B78CE05-24F1-4F80-9195-24B75331109F}.Release|Any CPU.ActiveCfg = Release|Any CPU
		{0B78CE05-24F1-4F80-9195-24B75331109F}.Release|Any CPU.Build.0 = Release|Any CPU
	EndGlobalSection
	GlobalSection(SolutionProperties) = preSolution
		HideSolutionNode = FALSE
	EndGlobalSection
	GlobalSection(ExtensibilityGlobals) = postSolution
		SolutionGuid = {EBA78AC5-CC04-4301-9915-246812A0A540}
	EndGlobalSection
EndGlobal
